{
  "requires": true,
  "lockfileVersion": 1,
  "dependencies": {
    "decomment": {
      "version": "0.9.4",
      "resolved": "https://registry.npmjs.org/decomment/-/decomment-0.9.4.tgz",
      "integrity": "sha512-8eNlhyI5cSU4UbBlrtagWpR03dqXcE5IR9zpe7PnO6UzReXDskucsD8usgrzUmQ6qJ3N82aws/p/mu/jqbURWw==",
      "requires": {
        "esprima": "4.0.1"
      }
    },
    "esprima": {
      "version": "4.0.1",
      "resolved": "https://registry.npmjs.org/esprima/-/esprima-4.0.1.tgz",
      "integrity": "sha512-eGuFFw7Upda+g4p+QHvnW0RyTX/SVeJBDM/gCtMARO0cLuT2HcEKnTPvhjV6aGeqrCB/sbNop0Kszm0jsaWU4A=="
    }
  }
}
